{
  "name": "php-features",
  "version": "1.0.0",
  "lockfileVersion": 2,
  "requires": true,
  "packages": {
    "": {
      "name": "php-features",
      "version": "1.0.0",
      "license": "MIT",
      "dependencies": {
        "php-parser": "^3.1.4"
      },
      "engines": {
        "vscode": "^1.34.0"
      }
    },
    "node_modules/php-parser": {
      "version": "3.1.4",
      "resolved": "https://registry.npmjs.org/php-parser/-/php-parser-3.1.4.tgz",
      "integrity": "sha512-WUEfH4FWsVItqgOknM67msDdcUAfgPJsHhPNl6EPXzWtX+PfdY282m4i8YIJ9ALUEhf+qGDajdmW+VYqSd7Deg=="
    }
  },
  "dependencies": {
    "php-parser": {
      "version": "3.1.4",
      "resolved": "https://registry.npmjs.org/php-parser/-/php-parser-3.1.4.tgz",
      "integrity": "sha512-WUEfH4FWsVItqgOknM67msDdcUAfgPJsHhPNl6EPXzWtX+PfdY282m4i8YIJ9ALUEhf+qGDajdmW+VYqSd7Deg=="
    }
  }
}
